# THIS IS AN AUTOGENERATED FILE. DO NOT EDIT THIS FILE DIRECTLY.
# yarn lockfile v1


helmet@^6.0.0:
  version "6.0.0"
  resolved "https://registry.yarnpkg.com/helmet/-/helmet-6.0.0.tgz#8e183820ddccd7729a206ad73c577b264f495595"
  integrity sha512-FO9RpR1wNJepH/GbLPQVtkE2eESglXL641p7SdyoT4LngHFJcZheHMoyUcjCZF4qpuMMO1u5q6RK0l9Ux8JBcg==
